
Microsoft Visual Studio Solution File, Format Version 12.00
# Visual Studio Version 17
VisualStudioVersion = 17.3.32825.248
MinimumVisualStudioVersion = 10.0.40219.1
Project("{FAE04EC0-301F-11D3-BF4B-00C04F79EFBC}") = "UNITYST", "UNITYST.csproj", "{9000DF33-7545-4DF4-B642-372622AB61B2}"
EndProject
Project("{FAE04EC0-301F-11D3-BF4B-00C04F79EFBC}") = "00Using", "..\00Using\00Using.csproj", "{CEDAB783-278B-467B-9D25-A1501B2995B2}"
EndProject
Project("{FAE04EC0-301F-11D3-BF4B-00C04F79EFBC}") = "01Class", "..\01Class\01Class.csproj", "{B394E3EB-26B1-4C07-B7A5-69BE17E50773}"
EndProject
Project("{FAE04EC0-301F-11D3-BF4B-00C04F79EFBC}") = "02NameSpace", "..\02NameSpace\02NameSpace.csproj", "{E610D471-6BB1-4E51-AA9D-39CE1AB4BCF7}"
EndProject
Project("{FAE04EC0-301F-11D3-BF4B-00C04F79EFBC}") = "03CodeStartAndReading", "..\03CodeStartAndReading\03CodeStartAndReading.csproj", "{1136A0C1-5423-4C72-A9A5-9B00328E0A36}"
EndProject
Project("{FAE04EC0-301F-11D3-BF4B-00C04F79EFBC}") = "04MemberVar", "..\04MemberVar\04MemberVar.csproj", "{0A98B86A-8E45-493C-84B0-5B9DDB16CEE2}"
EndProject
Project("{FAE04EC0-301F-11D3-BF4B-00C04F79EFBC}") = "05MemberFunc", "..\05MemberFunc\05MemberFunc.csproj", "{5423FE5F-C333-4CB6-9A7D-9A48E0D60B61}"
EndProject
Project("{FAE04EC0-301F-11D3-BF4B-00C04F79EFBC}") = "06LocalVar", "..\06LocalVar\06LocalVar.csproj", "{39CABEFA-56D5-4CC2-90BF-22B6D35405C9}"
EndProject
Project("{FAE04EC0-301F-11D3-BF4B-00C04F79EFBC}") = "07ClassAccess", "..\07ClassAccess\07ClassAccess.csproj", "{5AC42BD5-0114-4589-9808-8D78CF33ADBE}"
EndProject
Project("{FAE04EC0-301F-11D3-BF4B-00C04F79EFBC}") = "08FuncEx", "..\08FuncEx\08FuncEx.csproj", "{D403E076-B9C6-4463-AB6F-B60E448306DA}"
EndProject
Project("{FAE04EC0-301F-11D3-BF4B-00C04F79EFBC}") = "09Operator", "..\09Operator\09Operator.csproj", "{A696CFB6-69F1-42DE-B36F-3862AA943C68}"
EndProject
Project("{FAE04EC0-301F-11D3-BF4B-00C04F79EFBC}") = "10Memory00(Func)", "..\10Memory00(Func)\10Memory00(Func).csproj", "{059E7F4B-09DB-4DD9-8ECB-1CF3A5378264}"
EndProject
Project("{FAE04EC0-301F-11D3-BF4B-00C04F79EFBC}") = "11Memory01(Value)", "..\11Memory00(Value)\11Memory01(Value).csproj", "{FE7E3F91-C687-46DB-BA98-3891FEC02E92}"
EndProject
Project("{FAE04EC0-301F-11D3-BF4B-00C04F79EFBC}") = "12Memory02(Reference)", "..\12Memory02(Reference)\12Memory02(Reference).csproj", "{2A165D48-2EC4-4595-9445-3C29F8D558FA}"
EndProject
Project("{FAE04EC0-301F-11D3-BF4B-00C04F79EFBC}") = "13StaticVar", "..\13StaticVar\13StaticVar.csproj", "{B65F4D56-5497-495A-A7C9-6FDDAEB34EE9}"
EndProject
Project("{FAE04EC0-301F-11D3-BF4B-00C04F79EFBC}") = "14StaticFuc(15StaticClass)", "..\14Staticfuc\14StaticFuc(15StaticClass).csproj", "{9A64B22D-2FCF-4128-B18C-20DD3BADD0D0}"
EndProject
Project("{FAE04EC0-301F-11D3-BF4B-00C04F79EFBC}") = "16This", "..\16This\16This.csproj", "{1085EC5C-57AC-4ACF-B3BA-67BE40F66166}"
EndProject
Project("{FAE04EC0-301F-11D3-BF4B-00C04F79EFBC}") = "17While", "..\17While\17While.csproj", "{497CC37C-91E7-472D-8EBB-954C1668C1E3}"
EndProject
Project("{FAE04EC0-301F-11D3-BF4B-00C04F79EFBC}") = "18For", "..\18For\18For.csproj", "{B548EFEC-E3CC-4422-9972-D1F3D92EC407}"
EndProject
Project("{FAE04EC0-301F-11D3-BF4B-00C04F79EFBC}") = "19if", "..\19if\19if.csproj", "{E76FC9F2-DBAD-408C-AC9E-CF2B09F72736}"
EndProject
Project("{FAE04EC0-301F-11D3-BF4B-00C04F79EFBC}") = "20Switch", "..\20Switch\20Switch.csproj", "{E5389EFD-DB80-4C77-938D-656728F83CAC}"
EndProject
Project("{FAE04EC0-301F-11D3-BF4B-00C04F79EFBC}") = "21Struct", "..\21Struct\21Struct.csproj", "{5B061815-2E4D-405C-B267-DD9C535466A1}"
EndProject
Project("{FAE04EC0-301F-11D3-BF4B-00C04F79EFBC}") = "22Enum", "..\22Enum\22Enum.csproj", "{F35DFE54-53F4-4A3C-A41E-3A7FAF461058}"
EndProject
Project("{2150E333-8FDC-42A3-9474-1A3956D46DE8}") = "Game", "Game", "{9C9F6579-13E9-4F5C-B4C4-066FD318218C}"
EndProject
Project("{FAE04EC0-301F-11D3-BF4B-00C04F79EFBC}") = "TextRPG001", "..\TextRPG001\TextRPG001.csproj", "{1B5AC2CE-FF9D-438B-85B1-47F1B9E08ADE}"
EndProject
Project("{FAE04EC0-301F-11D3-BF4B-00C04F79EFBC}") = "23inheritance", "..\23inheritance\23inheritance.csproj", "{13610110-4D90-4A63-A9E9-E15966B803F5}"
EndProject
Project("{FAE04EC0-301F-11D3-BF4B-00C04F79EFBC}") = "24ClassConstructer", "..\24ClassConstructer\24ClassConstructer.csproj", "{66AD7D86-E4B5-4E1E-B699-BED34932EA00}"
EndProject
Project("{FAE04EC0-301F-11D3-BF4B-00C04F79EFBC}") = "26ProPerty25String01", "..\25String01\26ProPerty25String01.csproj", "{2AFA0087-1EBB-4DF5-A252-EA724333EB97}"
EndProject
Project("{FAE04EC0-301F-11D3-BF4B-00C04F79EFBC}") = "27Classfile", "..\27Classfile\27Classfile.csproj", "{2252426F-7421-4C42-B675-08CBD6715D18}"
EndProject
Project("{2150E333-8FDC-42A3-9474-1A3956D46DE8}") = "Solution Items", "Solution Items", "{C0B41580-37C4-48E6-AEEB-2B3E71C924AF}"
	ProjectSection(SolutionItems) = preProject
		목차.txt = 목차.txt
	EndProjectSection
EndProject
Project("{FAE04EC0-301F-11D3-BF4B-00C04F79EFBC}") = "28Partial", "..\28Partial\28Partial.csproj", "{9574607E-09A4-463C-8983-19320B814AEC}"
EndProject
Project("{FAE04EC0-301F-11D3-BF4B-00C04F79EFBC}") = "29OverLoading", "..\29OverLoading\29OverLoading.csproj", "{DD32A05A-73C5-49DB-B2EB-D9A46D6FEA5D}"
EndProject
Project("{FAE04EC0-301F-11D3-BF4B-00C04F79EFBC}") = "30OverRiding", "..\30OverRiding\30OverRiding.csproj", "{1C4E2848-CEC4-49DA-B630-563DF0517071}"
EndProject
Project("{FAE04EC0-301F-11D3-BF4B-00C04F79EFBC}") = "31Interface", "..\31Interface\31Interface.csproj", "{1B5E2118-9595-40F9-99C3-C8016029C00C}"
EndProject
Project("{FAE04EC0-301F-11D3-BF4B-00C04F79EFBC}") = "32Array", "..\32Array\32Array.csproj", "{39DAFAA0-959E-4F80-B47B-14A8BAC7500B}"
EndProject
Project("{FAE04EC0-301F-11D3-BF4B-00C04F79EFBC}") = "InvenSystem", "..\InvenSystem\InvenSystem.csproj", "{70A12A2A-E9B4-453C-BDBF-67937DEEDB1F}"
EndProject
Project("{FAE04EC0-301F-11D3-BF4B-00C04F79EFBC}") = "LDH", "..\LDH\LDH.csproj", "{024D45D6-0A54-4C94-BA97-0044127B8E8B}"
EndProject
Project("{FAE04EC0-301F-11D3-BF4B-00C04F79EFBC}") = "33Null", "..\33Null\33Null.csproj", "{34D7B47F-6621-47AF-A7BF-636457671B0D}"
EndProject
Project("{FAE04EC0-301F-11D3-BF4B-00C04F79EFBC}") = "InvenSystemHW", "..\InvenSystemHW\InvenSystemHW.csproj", "{E86F2A09-4895-4013-BADA-435AD9361911}"
EndProject
Project("{FAE04EC0-301F-11D3-BF4B-00C04F79EFBC}") = "Tetris", "..\Tetris\Tetris.csproj", "{26660B9A-99C3-495C-947C-B49874A0D70A}"
EndProject
Project("{2150E333-8FDC-42A3-9474-1A3956D46DE8}") = "chatGPT", "chatGPT", "{FB3DDDE8-EFF3-4D85-AA12-9798D0481C14}"
EndProject
Project("{FAE04EC0-301F-11D3-BF4B-00C04F79EFBC}") = "01List", "..\01List\01List.csproj", "{49B8C7F1-4C8A-46E7-8EDA-69FD7F66BD9C}"
EndProject
Project("{FAE04EC0-301F-11D3-BF4B-00C04F79EFBC}") = "02List", "..\02List\02List.csproj", "{F7A1E900-93BA-4F96-A8BE-5E07BAE145DB}"
EndProject
Project("{FAE04EC0-301F-11D3-BF4B-00C04F79EFBC}") = "03List", "..\03List\03List.csproj", "{EF0DF185-FC7D-48E9-BC81-98B84CFCB894}"
EndProject
Global
	GlobalSection(SolutionConfigurationPlatforms) = preSolution
		Debug|Any CPU = Debug|Any CPU
		Release|Any CPU = Release|Any CPU
	EndGlobalSection
	GlobalSection(ProjectConfigurationPlatforms) = postSolution
		{9000DF33-7545-4DF4-B642-372622AB61B2}.Debug|Any CPU.ActiveCfg = Debug|Any CPU
		{9000DF33-7545-4DF4-B642-372622AB61B2}.Debug|Any CPU.Build.0 = Debug|Any CPU
		{9000DF33-7545-4DF4-B642-372622AB61B2}.Release|Any CPU.ActiveCfg = Release|Any CPU
		{9000DF33-7545-4DF4-B642-372622AB61B2}.Release|Any CPU.Build.0 = Release|Any CPU
		{CEDAB783-278B-467B-9D25-A1501B2995B2}.Debug|Any CPU.ActiveCfg = Debug|Any CPU
		{CEDAB783-278B-467B-9D25-A1501B2995B2}.Debug|Any CPU.Build.0 = Debug|Any CPU
		{CEDAB783-278B-467B-9D25-A1501B2995B2}.Release|Any CPU.ActiveCfg = Release|Any CPU
		{CEDAB783-278B-467B-9D25-A1501B2995B2}.Release|Any CPU.Build.0 = Release|Any CPU
		{B394E3EB-26B1-4C07-B7A5-69BE17E50773}.Debug|Any CPU.ActiveCfg = Debug|Any CPU
		{B394E3EB-26B1-4C07-B7A5-69BE17E50773}.Debug|Any CPU.Build.0 = Debug|Any CPU
		{B394E3EB-26B1-4C07-B7A5-69BE17E50773}.Release|Any CPU.ActiveCfg = Release|Any CPU
		{B394E3EB-26B1-4C07-B7A5-69BE17E50773}.Release|Any CPU.Build.0 = Release|Any CPU
		{E610D471-6BB1-4E51-AA9D-39CE1AB4BCF7}.Debug|Any CPU.ActiveCfg = Debug|Any CPU
		{E610D471-6BB1-4E51-AA9D-39CE1AB4BCF7}.Debug|Any CPU.Build.0 = Debug|Any CPU
		{E610D471-6BB1-4E51-AA9D-39CE1AB4BCF7}.Release|Any CPU.ActiveCfg = Release|Any CPU
		{E610D471-6BB1-4E51-AA9D-39CE1AB4BCF7}.Release|Any CPU.Build.0 = Release|Any CPU
		{1136A0C1-5423-4C72-A9A5-9B00328E0A36}.Debug|Any CPU.ActiveCfg = Debug|Any CPU
		{1136A0C1-5423-4C72-A9A5-9B00328E0A36}.Debug|Any CPU.Build.0 = Debug|Any CPU
		{1136A0C1-5423-4C72-A9A5-9B00328E0A36}.Release|Any CPU.ActiveCfg = Release|Any CPU
		{1136A0C1-5423-4C72-A9A5-9B00328E0A36}.Release|Any CPU.Build.0 = Release|Any CPU
		{0A98B86A-8E45-493C-84B0-5B9DDB16CEE2}.Debug|Any CPU.ActiveCfg = Debug|Any CPU
		{0A98B86A-8E45-493C-84B0-5B9DDB16CEE2}.Debug|Any CPU.Build.0 = Debug|Any CPU
		{0A98B86A-8E45-493C-84B0-5B9DDB16CEE2}.Release|Any CPU.ActiveCfg = Release|Any CPU
		{0A98B86A-8E45-493C-84B0-5B9DDB16CEE2}.Release|Any CPU.Build.0 = Release|Any CPU
		{5423FE5F-C333-4CB6-9A7D-9A48E0D60B61}.Debug|Any CPU.ActiveCfg = Debug|Any CPU
		{5423FE5F-C333-4CB6-9A7D-9A48E0D60B61}.Debug|Any CPU.Build.0 = Debug|Any CPU
		{5423FE5F-C333-4CB6-9A7D-9A48E0D60B61}.Release|Any CPU.ActiveCfg = Release|Any CPU
		{5423FE5F-C333-4CB6-9A7D-9A48E0D60B61}.Release|Any CPU.Build.0 = Release|Any CPU
		{39CABEFA-56D5-4CC2-90BF-22B6D35405C9}.Debug|Any CPU.ActiveCfg = Debug|Any CPU
		{39CABEFA-56D5-4CC2-90BF-22B6D35405C9}.Debug|Any CPU.Build.0 = Debug|Any CPU
		{39CABEFA-56D5-4CC2-90BF-22B6D35405C9}.Release|Any CPU.ActiveCfg = Release|Any CPU
		{39CABEFA-56D5-4CC2-90BF-22B6D35405C9}.Release|Any CPU.Build.0 = Release|Any CPU
		{5AC42BD5-0114-4589-9808-8D78CF33ADBE}.Debug|Any CPU.ActiveCfg = Debug|Any CPU
		{5AC42BD5-0114-4589-9808-8D78CF33ADBE}.Debug|Any CPU.Build.0 = Debug|Any CPU
		{5AC42BD5-0114-4589-9808-8D78CF33ADBE}.Release|Any CPU.ActiveCfg = Release|Any CPU
		{5AC42BD5-0114-4589-9808-8D78CF33ADBE}.Release|Any CPU.Build.0 = Release|Any CPU
		{D403E076-B9C6-4463-AB6F-B60E448306DA}.Debug|Any CPU.ActiveCfg = Debug|Any CPU
		{D403E076-B9C6-4463-AB6F-B60E448306DA}.Debug|Any CPU.Build.0 = Debug|Any CPU
		{D403E076-B9C6-4463-AB6F-B60E448306DA}.Release|Any CPU.ActiveCfg = Release|Any CPU
		{D403E076-B9C6-4463-AB6F-B60E448306DA}.Release|Any CPU.Build.0 = Release|Any CPU
		{A696CFB6-69F1-42DE-B36F-3862AA943C68}.Debug|Any CPU.ActiveCfg = Debug|Any CPU
		{A696CFB6-69F1-42DE-B36F-3862AA943C68}.Debug|Any CPU.Build.0 = Debug|Any CPU
		{A696CFB6-69F1-42DE-B36F-3862AA943C68}.Release|Any CPU.ActiveCfg = Release|Any CPU
		{A696CFB6-69F1-42DE-B36F-3862AA943C68}.Release|Any CPU.Build.0 = Release|Any CPU
		{059E7F4B-09DB-4DD9-8ECB-1CF3A5378264}.Debug|Any CPU.ActiveCfg = Debug|Any CPU
		{059E7F4B-09DB-4DD9-8ECB-1CF3A5378264}.Debug|Any CPU.Build.0 = Debug|Any CPU
		{059E7F4B-09DB-4DD9-8ECB-1CF3A5378264}.Release|Any CPU.ActiveCfg = Release|Any CPU
		{059E7F4B-09DB-4DD9-8ECB-1CF3A5378264}.Release|Any CPU.Build.0 = Release|Any CPU
		{FE7E3F91-C687-46DB-BA98-3891FEC02E92}.Debug|Any CPU.ActiveCfg = Debug|Any CPU
		{FE7E3F91-C687-46DB-BA98-3891FEC02E92}.Debug|Any CPU.Build.0 = Debug|Any CPU
		{FE7E3F91-C687-46DB-BA98-3891FEC02E92}.Release|Any CPU.ActiveCfg = Release|Any CPU
		{FE7E3F91-C687-46DB-BA98-3891FEC02E92}.Release|Any CPU.Build.0 = Release|Any CPU
		{2A165D48-2EC4-4595-9445-3C29F8D558FA}.Debug|Any CPU.ActiveCfg = Debug|Any CPU
		{2A165D48-2EC4-4595-9445-3C29F8D558FA}.Debug|Any CPU.Build.0 = Debug|Any CPU
		{2A165D48-2EC4-4595-9445-3C29F8D558FA}.Release|Any CPU.ActiveCfg = Release|Any CPU
		{2A165D48-2EC4-4595-9445-3C29F8D558FA}.Release|Any CPU.Build.0 = Release|Any CPU
		{B65F4D56-5497-495A-A7C9-6FDDAEB34EE9}.Debug|Any CPU.ActiveCfg = Debug|Any CPU
		{B65F4D56-5497-495A-A7C9-6FDDAEB34EE9}.Debug|Any CPU.Build.0 = Debug|Any CPU
		{B65F4D56-5497-495A-A7C9-6FDDAEB34EE9}.Release|Any CPU.ActiveCfg = Release|Any CPU
		{B65F4D56-5497-495A-A7C9-6FDDAEB34EE9}.Release|Any CPU.Build.0 = Release|Any CPU
		{9A64B22D-2FCF-4128-B18C-20DD3BADD0D0}.Debug|Any CPU.ActiveCfg = Debug|Any CPU
		{9A64B22D-2FCF-4128-B18C-20DD3BADD0D0}.Debug|Any CPU.Build.0 = Debug|Any CPU
		{9A64B22D-2FCF-4128-B18C-20DD3BADD0D0}.Release|Any CPU.ActiveCfg = Release|Any CPU
		{9A64B22D-2FCF-4128-B18C-20DD3BADD0D0}.Release|Any CPU.Build.0 = Release|Any CPU
		{1085EC5C-57AC-4ACF-B3BA-67BE40F66166}.Debug|Any CPU.ActiveCfg = Debug|Any CPU
		{1085EC5C-57AC-4ACF-B3BA-67BE40F66166}.Debug|Any CPU.Build.0 = Debug|Any CPU
		{1085EC5C-57AC-4ACF-B3BA-67BE40F66166}.Release|Any CPU.ActiveCfg = Release|Any CPU
		{1085EC5C-57AC-4ACF-B3BA-67BE40F66166}.Release|Any CPU.Build.0 = Release|Any CPU
		{497CC37C-91E7-472D-8EBB-954C1668C1E3}.Debug|Any CPU.ActiveCfg = Debug|Any CPU
		{497CC37C-91E7-472D-8EBB-954C1668C1E3}.Debug|Any CPU.Build.0 = Debug|Any CPU
		{497CC37C-91E7-472D-8EBB-954C1668C1E3}.Release|Any CPU.ActiveCfg = Release|Any CPU
		{497CC37C-91E7-472D-8EBB-954C1668C1E3}.Release|Any CPU.Build.0 = Release|Any CPU
		{B548EFEC-E3CC-4422-9972-D1F3D92EC407}.Debug|Any CPU.ActiveCfg = Debug|Any CPU
		{B548EFEC-E3CC-4422-9972-D1F3D92EC407}.Debug|Any CPU.Build.0 = Debug|Any CPU
		{B548EFEC-E3CC-4422-9972-D1F3D92EC407}.Release|Any CPU.ActiveCfg = Release|Any CPU
		{B548EFEC-E3CC-4422-9972-D1F3D92EC407}.Release|Any CPU.Build.0 = Release|Any CPU
		{E76FC9F2-DBAD-408C-AC9E-CF2B09F72736}.Debug|Any CPU.ActiveCfg = Debug|Any CPU
		{E76FC9F2-DBAD-408C-AC9E-CF2B09F72736}.Debug|Any CPU.Build.0 = Debug|Any CPU
		{E76FC9F2-DBAD-408C-AC9E-CF2B09F72736}.Release|Any CPU.ActiveCfg = Release|Any CPU
		{E76FC9F2-DBAD-408C-AC9E-CF2B09F72736}.Release|Any CPU.Build.0 = Release|Any CPU
		{E5389EFD-DB80-4C77-938D-656728F83CAC}.Debug|Any CPU.ActiveCfg = Debug|Any CPU
		{E5389EFD-DB80-4C77-938D-656728F83CAC}.Debug|Any CPU.Build.0 = Debug|Any CPU
		{E5389EFD-DB80-4C77-938D-656728F83CAC}.Release|Any CPU.ActiveCfg = Release|Any CPU
		{E5389EFD-DB80-4C77-938D-656728F83CAC}.Release|Any CPU.Build.0 = Release|Any CPU
		{5B061815-2E4D-405C-B267-DD9C535466A1}.Debug|Any CPU.ActiveCfg = Debug|Any CPU
		{5B061815-2E4D-405C-B267-DD9C535466A1}.Debug|Any CPU.Build.0 = Debug|Any CPU
		{5B061815-2E4D-405C-B267-DD9C535466A1}.Release|Any CPU.ActiveCfg = Release|Any CPU
		{5B061815-2E4D-405C-B267-DD9C535466A1}.Release|Any CPU.Build.0 = Release|Any CPU
		{F35DFE54-53F4-4A3C-A41E-3A7FAF461058}.Debug|Any CPU.ActiveCfg = Debug|Any CPU
		{F35DFE54-53F4-4A3C-A41E-3A7FAF461058}.Debug|Any CPU.Build.0 = Debug|Any CPU
		{F35DFE54-53F4-4A3C-A41E-3A7FAF461058}.Release|Any CPU.ActiveCfg = Release|Any CPU
		{F35DFE54-53F4-4A3C-A41E-3A7FAF461058}.Release|Any CPU.Build.0 = Release|Any CPU
		{1B5AC2CE-FF9D-438B-85B1-47F1B9E08ADE}.Debug|Any CPU.ActiveCfg = Debug|Any CPU
		{1B5AC2CE-FF9D-438B-85B1-47F1B9E08ADE}.Debug|Any CPU.Build.0 = Debug|Any CPU
		{1B5AC2CE-FF9D-438B-85B1-47F1B9E08ADE}.Release|Any CPU.ActiveCfg = Release|Any CPU
		{1B5AC2CE-FF9D-438B-85B1-47F1B9E08ADE}.Release|Any CPU.Build.0 = Release|Any CPU
		{13610110-4D90-4A63-A9E9-E15966B803F5}.Debug|Any CPU.ActiveCfg = Debug|Any CPU
		{13610110-4D90-4A63-A9E9-E15966B803F5}.Debug|Any CPU.Build.0 = Debug|Any CPU
		{13610110-4D90-4A63-A9E9-E15966B803F5}.Release|Any CPU.ActiveCfg = Release|Any CPU
		{13610110-4D90-4A63-A9E9-E15966B803F5}.Release|Any CPU.Build.0 = Release|Any CPU
		{66AD7D86-E4B5-4E1E-B699-BED34932EA00}.Debug|Any CPU.ActiveCfg = Debug|Any CPU
		{66AD7D86-E4B5-4E1E-B699-BED34932EA00}.Debug|Any CPU.Build.0 = Debug|Any CPU
		{66AD7D86-E4B5-4E1E-B699-BED34932EA00}.Release|Any CPU.ActiveCfg = Release|Any CPU
		{66AD7D86-E4B5-4E1E-B699-BED34932EA00}.Release|Any CPU.Build.0 = Release|Any CPU
		{2AFA0087-1EBB-4DF5-A252-EA724333EB97}.Debug|Any CPU.ActiveCfg = Debug|Any CPU
		{2AFA0087-1EBB-4DF5-A252-EA724333EB97}.Debug|Any CPU.Build.0 = Debug|Any CPU
		{2AFA0087-1EBB-4DF5-A252-EA724333EB97}.Release|Any CPU.ActiveCfg = Release|Any CPU
		{2AFA0087-1EBB-4DF5-A252-EA724333EB97}.Release|Any CPU.Build.0 = Release|Any CPU
		{2252426F-7421-4C42-B675-08CBD6715D18}.Debug|Any CPU.ActiveCfg = Debug|Any CPU
		{2252426F-7421-4C42-B675-08CBD6715D18}.Debug|Any CPU.Build.0 = Debug|Any CPU
		{2252426F-7421-4C42-B675-08CBD6715D18}.Release|Any CPU.ActiveCfg = Release|Any CPU
		{2252426F-7421-4C42-B675-08CBD6715D18}.Release|Any CPU.Build.0 = Release|Any CPU
		{9574607E-09A4-463C-8983-19320B814AEC}.Debug|Any CPU.ActiveCfg = Debug|Any CPU
		{9574607E-09A4-463C-8983-19320B814AEC}.Debug|Any CPU.Build.0 = Debug|Any CPU
		{9574607E-09A4-463C-8983-19320B814AEC}.Release|Any CPU.ActiveCfg = Release|Any CPU
		{9574607E-09A4-463C-8983-19320B814AEC}.Release|Any CPU.Build.0 = Release|Any CPU
		{DD32A05A-73C5-49DB-B2EB-D9A46D6FEA5D}.Debug|Any CPU.ActiveCfg = Debug|Any CPU
		{DD32A05A-73C5-49DB-B2EB-D9A46D6FEA5D}.Debug|Any CPU.Build.0 = Debug|Any CPU
		{DD32A05A-73C5-49DB-B2EB-D9A46D6FEA5D}.Release|Any CPU.ActiveCfg = Release|Any CPU
		{DD32A05A-73C5-49DB-B2EB-D9A46D6FEA5D}.Release|Any CPU.Build.0 = Release|Any CPU
		{1C4E2848-CEC4-49DA-B630-563DF0517071}.Debug|Any CPU.ActiveCfg = Debug|Any CPU
		{1C4E2848-CEC4-49DA-B630-563DF0517071}.Debug|Any CPU.Build.0 = Debug|Any CPU
		{1C4E2848-CEC4-49DA-B630-563DF0517071}.Release|Any CPU.ActiveCfg = Release|Any CPU
		{1C4E2848-CEC4-49DA-B630-563DF0517071}.Release|Any CPU.Build.0 = Release|Any CPU
		{1B5E2118-9595-40F9-99C3-C8016029C00C}.Debug|Any CPU.ActiveCfg = Debug|Any CPU
		{1B5E2118-9595-40F9-99C3-C8016029C00C}.Debug|Any CPU.Build.0 = Debug|Any CPU
		{1B5E2118-9595-40F9-99C3-C8016029C00C}.Release|Any CPU.ActiveCfg = Release|Any CPU
		{1B5E2118-9595-40F9-99C3-C8016029C00C}.Release|Any CPU.Build.0 = Release|Any CPU
		{39DAFAA0-959E-4F80-B47B-14A8BAC7500B}.Debug|Any CPU.ActiveCfg = Debug|Any CPU
		{39DAFAA0-959E-4F80-B47B-14A8BAC7500B}.Debug|Any CPU.Build.0 = Debug|Any CPU
		{39DAFAA0-959E-4F80-B47B-14A8BAC7500B}.Release|Any CPU.ActiveCfg = Release|Any CPU
		{39DAFAA0-959E-4F80-B47B-14A8BAC7500B}.Release|Any CPU.Build.0 = Release|Any CPU
		{70A12A2A-E9B4-453C-BDBF-67937DEEDB1F}.Debug|Any CPU.ActiveCfg = Debug|Any CPU
		{70A12A2A-E9B4-453C-BDBF-67937DEEDB1F}.Debug|Any CPU.Build.0 = Debug|Any CPU
		{70A12A2A-E9B4-453C-BDBF-67937DEEDB1F}.Release|Any CPU.ActiveCfg = Release|Any CPU
		{70A12A2A-E9B4-453C-BDBF-67937DEEDB1F}.Release|Any CPU.Build.0 = Release|Any CPU
		{024D45D6-0A54-4C94-BA97-0044127B8E8B}.Debug|Any CPU.ActiveCfg = Debug|Any CPU
		{024D45D6-0A54-4C94-BA97-0044127B8E8B}.Debug|Any CPU.Build.0 = Debug|Any CPU
		{024D45D6-0A54-4C94-BA97-0044127B8E8B}.Release|Any CPU.ActiveCfg = Release|Any CPU
		{024D45D6-0A54-4C94-BA97-0044127B8E8B}.Release|Any CPU.Build.0 = Release|Any CPU
		{34D7B47F-6621-47AF-A7BF-636457671B0D}.Debug|Any CPU.ActiveCfg = Debug|Any CPU
		{34D7B47F-6621-47AF-A7BF-636457671B0D}.Debug|Any CPU.Build.0 = Debug|Any CPU
		{34D7B47F-6621-47AF-A7BF-636457671B0D}.Release|Any CPU.ActiveCfg = Release|Any CPU
		{34D7B47F-6621-47AF-A7BF-636457671B0D}.Release|Any CPU.Build.0 = Release|Any CPU
		{E86F2A09-4895-4013-BADA-435AD9361911}.Debug|Any CPU.ActiveCfg = Debug|Any CPU
		{E86F2A09-4895-4013-BADA-435AD9361911}.Debug|Any CPU.Build.0 = Debug|Any CPU
		{E86F2A09-4895-4013-BADA-435AD9361911}.Release|Any CPU.ActiveCfg = Release|Any CPU
		{E86F2A09-4895-4013-BADA-435AD9361911}.Release|Any CPU.Build.0 = Release|Any CPU
		{26660B9A-99C3-495C-947C-B49874A0D70A}.Debug|Any CPU.ActiveCfg = Debug|Any CPU
		{26660B9A-99C3-495C-947C-B49874A0D70A}.Debug|Any CPU.Build.0 = Debug|Any CPU
		{26660B9A-99C3-495C-947C-B49874A0D70A}.Release|Any CPU.ActiveCfg = Release|Any CPU
		{26660B9A-99C3-495C-947C-B49874A0D70A}.Release|Any CPU.Build.0 = Release|Any CPU
		{49B8C7F1-4C8A-46E7-8EDA-69FD7F66BD9C}.Debug|Any CPU.ActiveCfg = Debug|Any CPU
		{49B8C7F1-4C8A-46E7-8EDA-69FD7F66BD9C}.Debug|Any CPU.Build.0 = Debug|Any CPU
		{49B8C7F1-4C8A-46E7-8EDA-69FD7F66BD9C}.Release|Any CPU.ActiveCfg = Release|Any CPU
		{49B8C7F1-4C8A-46E7-8EDA-69FD7F66BD9C}.Release|Any CPU.Build.0 = Release|Any CPU
		{F7A1E900-93BA-4F96-A8BE-5E07BAE145DB}.Debug|Any CPU.ActiveCfg = Debug|Any CPU
		{F7A1E900-93BA-4F96-A8BE-5E07BAE145DB}.Debug|Any CPU.Build.0 = Debug|Any CPU
		{F7A1E900-93BA-4F96-A8BE-5E07BAE145DB}.Release|Any CPU.ActiveCfg = Release|Any CPU
		{F7A1E900-93BA-4F96-A8BE-5E07BAE145DB}.Release|Any CPU.Build.0 = Release|Any CPU
		{EF0DF185-FC7D-48E9-BC81-98B84CFCB894}.Debug|Any CPU.ActiveCfg = Debug|Any CPU
		{EF0DF185-FC7D-48E9-BC81-98B84CFCB894}.Debug|Any CPU.Build.0 = Debug|Any CPU
		{EF0DF185-FC7D-48E9-BC81-98B84CFCB894}.Release|Any CPU.ActiveCfg = Release|Any CPU
		{EF0DF185-FC7D-48E9-BC81-98B84CFCB894}.Release|Any CPU.Build.0 = Release|Any CPU
	EndGlobalSection
	GlobalSection(SolutionProperties) = preSolution
		HideSolutionNode = FALSE
	EndGlobalSection
	GlobalSection(NestedProjects) = preSolution
		{1B5AC2CE-FF9D-438B-85B1-47F1B9E08ADE} = {9C9F6579-13E9-4F5C-B4C4-066FD318218C}
		{70A12A2A-E9B4-453C-BDBF-67937DEEDB1F} = {9C9F6579-13E9-4F5C-B4C4-066FD318218C}
		{E86F2A09-4895-4013-BADA-435AD9361911} = {9C9F6579-13E9-4F5C-B4C4-066FD318218C}
		{26660B9A-99C3-495C-947C-B49874A0D70A} = {9C9F6579-13E9-4F5C-B4C4-066FD318218C}
		{49B8C7F1-4C8A-46E7-8EDA-69FD7F66BD9C} = {FB3DDDE8-EFF3-4D85-AA12-9798D0481C14}
		{F7A1E900-93BA-4F96-A8BE-5E07BAE145DB} = {FB3DDDE8-EFF3-4D85-AA12-9798D0481C14}
		{EF0DF185-FC7D-48E9-BC81-98B84CFCB894} = {FB3DDDE8-EFF3-4D85-AA12-9798D0481C14}
	EndGlobalSection
	GlobalSection(ExtensibilityGlobals) = postSolution
		SolutionGuid = {FACCF5AF-B40C-4B54-94FE-37E0A7A55BA3}
	EndGlobalSection
EndGlobal
